
Microsoft Visual Studio Solution File, Format Version 12.00
# Visual Studio Version 17
VisualStudioVersion = 17.0.32014.148
MinimumVisualStudioVersion = 10.0.40219.1
Project("{2150E333-8FDC-42A3-9474-1A3956D46DE8}") = "src", "src", "{50209D18-2358-4B58-8842-28B4E2362CB0}"
EndProject
Project("{2150E333-8FDC-42A3-9474-1A3956D46DE8}") = "test", "test", "{8163B435-28DC-4BD2-A890-FDF5928FBF37}"
EndProject
Project("{FAE04EC0-301F-11D3-BF4B-00C04F79EFBC}") = "TollFeeCalculatorCore", "src\TollFeeCalculatorCore\TollFeeCalculatorCore.csproj", "{62FE5957-06D1-4541-BEC3-22CE09B90D96}"
EndProject
Project("{FAE04EC0-301F-11D3-BF4B-00C04F79EFBC}") = "TollFeeCalculatorTests", "test\TollFeeCalculatorTests\TollFeeCalculatorTests.csproj", "{45116E63-61F1-4D21-B8D9-C16067B48BF3}"
EndProject
Global
	GlobalSection(SolutionConfigurationPlatforms) = preSolution
		Debug|Any CPU = Debug|Any CPU
		Release|Any CPU = Release|Any CPU
	EndGlobalSection
	GlobalSection(ProjectConfigurationPlatforms) = postSolution
		{62FE5957-06D1-4541-BEC3-22CE09B90D96}.Debug|Any CPU.ActiveCfg = Debug|Any CPU
		{62FE5957-06D1-4541-BEC3-22CE09B90D96}.Debug|Any CPU.Build.0 = Debug|Any CPU
		{62FE5957-06D1-4541-BEC3-22CE09B90D96}.Release|Any CPU.ActiveCfg = Release|Any CPU
		{62FE5957-06D1-4541-BEC3-22CE09B90D96}.Release|Any CPU.Build.0 = Release|Any CPU
		{45116E63-61F1-4D21-B8D9-C16067B48BF3}.Debug|Any CPU.ActiveCfg = Debug|Any CPU
		{45116E63-61F1-4D21-B8D9-C16067B48BF3}.Debug|Any CPU.Build.0 = Debug|Any CPU
		{45116E63-61F1-4D21-B8D9-C16067B48BF3}.Release|Any CPU.ActiveCfg = Release|Any CPU
		{45116E63-61F1-4D21-B8D9-C16067B48BF3}.Release|Any CPU.Build.0 = Release|Any CPU
	EndGlobalSection
	GlobalSection(SolutionProperties) = preSolution
		HideSolutionNode = FALSE
	EndGlobalSection
	GlobalSection(NestedProjects) = preSolution
		{62FE5957-06D1-4541-BEC3-22CE09B90D96} = {50209D18-2358-4B58-8842-28B4E2362CB0}
		{45116E63-61F1-4D21-B8D9-C16067B48BF3} = {8163B435-28DC-4BD2-A890-FDF5928FBF37}
	EndGlobalSection
	GlobalSection(ExtensibilityGlobals) = postSolution
		SolutionGuid = {8097BCB4-9268-4822-BFA3-6DAFA1B26FF4}
	EndGlobalSection
EndGlobal
